
Microsoft Visual Studio Solution File, Format Version 12.00
# Visual Studio Version 16
VisualStudioVersion = 16.0.29306.81
MinimumVisualStudioVersion = 10.0.40219.1
Project("{FAE04EC0-301F-11D3-BF4B-00C04F79EFBC}") = "Calculadora", "Calculadora\Calculadora.csproj", "{43E1C04E-2937-47D4-82F1-158F1C62E82E}"
EndProject
Global
	GlobalSection(SolutionConfigurationPlatforms) = preSolution
		Debug|Any CPU = Debug|Any CPU
		Release|Any CPU = Release|Any CPU
	EndGlobalSection
	GlobalSection(ProjectConfigurationPlatforms) = postSolution
		{43E1C04E-2937-47D4-82F1-158F1C62E82E}.Debug|Any CPU.ActiveCfg = Debug|Any CPU
		{43E1C04E-2937-47D4-82F1-158F1C62E82E}.Debug|Any CPU.Build.0 = Debug|Any CPU
		{43E1C04E-2937-47D4-82F1-158F1C62E82E}.Release|Any CPU.ActiveCfg = Release|Any CPU
		{43E1C04E-2937-47D4-82F1-158F1C62E82E}.Release|Any CPU.Build.0 = Release|Any CPU
	EndGlobalSection
	GlobalSection(SolutionProperties) = preSolution
		HideSolutionNode = FALSE
	EndGlobalSection
	GlobalSection(ExtensibilityGlobals) = postSolution
		SolutionGuid = {91E0B5EC-355A-48F6-B712-638A251DCB88}
	EndGlobalSection
EndGlobal
